
Microsoft Visual Studio Solution File, Format Version 12.00
# Visual Studio 15
VisualStudioVersion = 15.0.27703.2047
MinimumVisualStudioVersion = 10.0.40219.1
Project("{FAE04EC0-301F-11D3-BF4B-00C04F79EFBC}") = "FindRoomMate", "FindRoomMate\FindRoomMate.csproj", "{699C2BAE-472C-4527-A9E6-2C6E72633329}"
EndProject
Global
	GlobalSection(SolutionConfigurationPlatforms) = preSolution
		Debug|Any CPU = Debug|Any CPU
		Release|Any CPU = Release|Any CPU
	EndGlobalSection
	GlobalSection(ProjectConfigurationPlatforms) = postSolution
		{699C2BAE-472C-4527-A9E6-2C6E72633329}.Debug|Any CPU.ActiveCfg = Debug|Any CPU
		{699C2BAE-472C-4527-A9E6-2C6E72633329}.Debug|Any CPU.Build.0 = Debug|Any CPU
		{699C2BAE-472C-4527-A9E6-2C6E72633329}.Release|Any CPU.ActiveCfg = Release|Any CPU
		{699C2BAE-472C-4527-A9E6-2C6E72633329}.Release|Any CPU.Build.0 = Release|Any CPU
	EndGlobalSection
	GlobalSection(SolutionProperties) = preSolution
		HideSolutionNode = FALSE
	EndGlobalSection
	GlobalSection(ExtensibilityGlobals) = postSolution
		SolutionGuid = {058D4E06-E691-4677-B92D-FC75175A90B9}
	EndGlobalSection
EndGlobal
